
Microsoft Visual Studio Solution File, Format Version 12.00
# Visual Studio 14
VisualStudioVersion = 14.0.23107.0
MinimumVisualStudioVersion = 10.0.40219.1
Project("{FAE04EC0-301F-11D3-BF4B-00C04F79EFBC}") = "DavisAI", "DavisAI.csproj", "{D3E98914-ADCF-47A5-9B68-F3BE3B76608B}"
EndProject
Project("{FAE04EC0-301F-11D3-BF4B-00C04F79EFBC}") = "DavisNLP", "..\NLP\DavisNLP.csproj", "{FE672390-898C-4BD1-AF85-A41CAE5196E9}"
EndProject
Global
	GlobalSection(SolutionConfigurationPlatforms) = preSolution
		Debug|Any CPU = Debug|Any CPU
		Release|Any CPU = Release|Any CPU
	EndGlobalSection
	GlobalSection(ProjectConfigurationPlatforms) = postSolution
		{D3E98914-ADCF-47A5-9B68-F3BE3B76608B}.Debug|Any CPU.ActiveCfg = Debug|Any CPU
		{D3E98914-ADCF-47A5-9B68-F3BE3B76608B}.Debug|Any CPU.Build.0 = Debug|Any CPU
		{D3E98914-ADCF-47A5-9B68-F3BE3B76608B}.Release|Any CPU.ActiveCfg = Release|Any CPU
		{D3E98914-ADCF-47A5-9B68-F3BE3B76608B}.Release|Any CPU.Build.0 = Release|Any CPU
		{FE672390-898C-4BD1-AF85-A41CAE5196E9}.Debug|Any CPU.ActiveCfg = Debug|Any CPU
		{FE672390-898C-4BD1-AF85-A41CAE5196E9}.Debug|Any CPU.Build.0 = Debug|Any CPU
		{FE672390-898C-4BD1-AF85-A41CAE5196E9}.Release|Any CPU.ActiveCfg = Release|Any CPU
		{FE672390-898C-4BD1-AF85-A41CAE5196E9}.Release|Any CPU.Build.0 = Release|Any CPU
	EndGlobalSection
	GlobalSection(SolutionProperties) = preSolution
		HideSolutionNode = FALSE
	EndGlobalSection
EndGlobal
